
Microsoft Visual Studio Solution File, Format Version 12.00
# Visual Studio Version 17
VisualStudioVersion = 17.4.33213.308
MinimumVisualStudioVersion = 10.0.40219.1
Project("{FAE04EC0-301F-11D3-BF4B-00C04F79EFBC}") = "MVC_Public_API_Viewer", "MVC_Public_API_Viewer\MVC_Public_API_Viewer.csproj", "{5A3789D1-5F53-47D9-B974-C23C106C3EB6}"
EndProject
Global
	GlobalSection(SolutionConfigurationPlatforms) = preSolution
		Debug|Any CPU = Debug|Any CPU
		Release|Any CPU = Release|Any CPU
	EndGlobalSection
	GlobalSection(ProjectConfigurationPlatforms) = postSolution
		{5A3789D1-5F53-47D9-B974-C23C106C3EB6}.Debug|Any CPU.ActiveCfg = Debug|Any CPU
		{5A3789D1-5F53-47D9-B974-C23C106C3EB6}.Debug|Any CPU.Build.0 = Debug|Any CPU
		{5A3789D1-5F53-47D9-B974-C23C106C3EB6}.Release|Any CPU.ActiveCfg = Release|Any CPU
		{5A3789D1-5F53-47D9-B974-C23C106C3EB6}.Release|Any CPU.Build.0 = Release|Any CPU
	EndGlobalSection
	GlobalSection(SolutionProperties) = preSolution
		HideSolutionNode = FALSE
	EndGlobalSection
	GlobalSection(ExtensibilityGlobals) = postSolution
		SolutionGuid = {65768C34-93ED-44ED-BCBF-C8955953EF87}
	EndGlobalSection
EndGlobal
